{
  "name": "node_test_app_01",
  "version": "0.0.1",
  "lockfileVersion": 2,
  "requires": true,
  "packages": {
    "": {
      "version": "0.0.1",
      "license": "MIT",
      "dependencies": {
        "dogeaverage": "^0.1.0"
      },
      "devDependencies": {
        "@types/node": "^16.9.1"
      }
    },
    "node_modules/@types/node": {
      "version": "16.9.1",
      "resolved": "http://localhost:4873/@types%2fnode/-/node-16.9.1.tgz",
      "integrity": "sha512-QpLcX9ZSsq3YYUUnD3nFDY8H7wctAhQj/TFKL8Ya8v5fMm3CFXxo8zStsLAl780ltoYoo1WvKUVGBQK+1ifr7g==",
      "dev": true,
      "license": "MIT"
    },
    "node_modules/dogeaverage": {
      "version": "0.1.0",
      "resolved": "http://localhost:4873/dogeaverage/-/dogeaverage-0.1.0.tgz",
      "integrity": "sha512-NJcmLu+6ymTyZ6BmVPVbBLis19rcUMc0leiDrtXk4691pIGOujE80LDLnSMgvSduYXg74UpUVe0bWhQ2Hd2KvQ==",
      "license": "ISC"
    }
  },
  "dependencies": {
    "@types/node": {
      "version": "16.9.1",
      "resolved": "http://localhost:4873/@types%2fnode/-/node-16.9.1.tgz",
      "integrity": "sha512-QpLcX9ZSsq3YYUUnD3nFDY8H7wctAhQj/TFKL8Ya8v5fMm3CFXxo8zStsLAl780ltoYoo1WvKUVGBQK+1ifr7g==",
      "dev": true
    },
    "dogeaverage": {
      "version": "0.1.0",
      "resolved": "http://localhost:4873/dogeaverage/-/dogeaverage-0.1.0.tgz",
      "integrity": "sha512-NJcmLu+6ymTyZ6BmVPVbBLis19rcUMc0leiDrtXk4691pIGOujE80LDLnSMgvSduYXg74UpUVe0bWhQ2Hd2KvQ=="
    }
  }
}
